
Microsoft Visual Studio Solution File, Format Version 12.00
# Visual Studio 15
VisualStudioVersion = 15.0.27703.2026
MinimumVisualStudioVersion = 10.0.40219.1
Project("{E24C65DC-7377-472B-9ABA-BC803B73C61A}") = "CrazyCarzExample", "CrazyCarzExample\", "{4E136BCA-F867-4C77-9BD0-BE39A16DFDF3}"
	ProjectSection(WebsiteProperties) = preProject
		TargetFrameworkMoniker = ".NETFramework,Version%3Dv4.6.1"
		Debug.AspNetCompiler.VirtualPath = "/localhost_49961"
		Debug.AspNetCompiler.PhysicalPath = "CrazyCarzExample\"
		Debug.AspNetCompiler.TargetPath = "PrecompiledWeb\localhost_49961\"
		Debug.AspNetCompiler.Updateable = "true"
		Debug.AspNetCompiler.ForceOverwrite = "true"
		Debug.AspNetCompiler.FixedNames = "false"
		Debug.AspNetCompiler.Debug = "True"
		Release.AspNetCompiler.VirtualPath = "/localhost_49961"
		Release.AspNetCompiler.PhysicalPath = "CrazyCarzExample\"
		Release.AspNetCompiler.TargetPath = "PrecompiledWeb\localhost_49961\"
		Release.AspNetCompiler.Updateable = "true"
		Release.AspNetCompiler.ForceOverwrite = "true"
		Release.AspNetCompiler.FixedNames = "false"
		Release.AspNetCompiler.Debug = "False"
		VWDPort = "49961"
		SlnRelativePath = "CrazyCarzExample\"
		DefaultWebSiteLanguage = "Visual C#"
	EndProjectSection
EndProject
Global
	GlobalSection(SolutionConfigurationPlatforms) = preSolution
		Debug|Any CPU = Debug|Any CPU
	EndGlobalSection
	GlobalSection(ProjectConfigurationPlatforms) = postSolution
		{4E136BCA-F867-4C77-9BD0-BE39A16DFDF3}.Debug|Any CPU.ActiveCfg = Debug|Any CPU
		{4E136BCA-F867-4C77-9BD0-BE39A16DFDF3}.Debug|Any CPU.Build.0 = Debug|Any CPU
	EndGlobalSection
	GlobalSection(SolutionProperties) = preSolution
		HideSolutionNode = FALSE
	EndGlobalSection
	GlobalSection(ExtensibilityGlobals) = postSolution
		SolutionGuid = {D0232381-1318-459D-9CFD-71471682A444}
	EndGlobalSection
EndGlobal
